# requirements.lock -- generated from the DEPLOY environment (.5 BOSS /data/ssd/workspace/iotStudio/.venv)
# 2026-10-05 10:12:47 CST   python: Python 3.11.6
# rationale: requirements.txt pins nothing (25 lines, all '>='), so this file is the fact.
# usage    : pip install -r requirements.lock     (every environment uses THIS, not requirements.txt)
aiosqlite==0.22.1
alembic==1.20.0
annotated-doc==0.0.5
annotated-types==0.8.0
anyio==4.15.1
asyncpg==0.31.0
asyncua==2.0.1
certifi==2026.7.22
cffi==2.1.1
charset-normalizer==3.5.2
click==8.5.0
cryptography==50.0.2
fastapi==0.142.2
greenlet==3.5.6
h11==0.16.0
html5rdf==1.2.1
httpcore==1.0.9
httptools==0.8.0
httpx==0.28.1
idna==3.20
importlib_metadata==9.0.1
iniconfig==2.3.0
Jinja2==3.1.6
Mako==1.4.3
MarkupSafe==3.0.4
networkx==3.6.1
numpy==2.4.6
OpenOPC-DA==1.5.1
opentelemetry-api==1.45.0
owlrl==7.6.2
packaging==26.3
paho-mqtt==2.1.0
pluggy==1.6.0
prettytable==3.18.0
psutil==7.2.2
pycparser==3.0
pydantic==2.13.5
pydantic-settings==2.15.0
pydantic_core==2.46.5
Pygments==2.21.0
pymodbus==3.6.9
pyOpenSSL==26.4.0
pyparsing==3.3.3
Pyro5==5.17
pyserial==3.5
pyserial-asyncio==0.6
pyshacl==0.40.1
pytest==9.1.1
pytest-asyncio==1.4.0
python-dateutil==2.9.0.post0
python-dotenv==1.2.4
pytz==2026.5
PyYAML==6.0.3
rdflib==7.6.0
requests==2.34.2
serpent==1.43
six==1.17.0
sortedcontainers==2.4.0
SQLAlchemy==2.1.3
starlette==1.7.0
typing-inspection==0.4.4
typing_extensions==4.16.0
urllib3==2.8.0
uvicorn==0.54.0
uvloop==0.23.0
wait_for2==0.4.1
watchfiles==1.3.0
wcwidth==0.9.1
websockets==17.2
zipp==4.1.1
